
Microsoft Visual Studio Solution File, Format Version 12.00
# Visual Studio Version 17
VisualStudioVersion = 17.4.33213.308
MinimumVisualStudioVersion = 10.0.40219.1
Project("{8BC9CEB8-8B4A-11D0-8D11-00A0C91BC942}") = "Vector-Visualizer", "Vector-Visualizer\Vector-Visualizer.vcxproj", "{87F10799-3DAF-4476-9C6C-5F8ACA359FA5}"
EndProject
Global
	GlobalSection(SolutionConfigurationPlatforms) = preSolution
		Debug|x64 = Debug|x64
		Debug|x86 = Debug|x86
		Release|x64 = Release|x64
		Release|x86 = Release|x86
	EndGlobalSection
	GlobalSection(ProjectConfigurationPlatforms) = postSolution
		{87F10799-3DAF-4476-9C6C-5F8ACA359FA5}.Debug|x64.ActiveCfg = Debug|x64
		{87F10799-3DAF-4476-9C6C-5F8ACA359FA5}.Debug|x64.Build.0 = Debug|x64
		{87F10799-3DAF-4476-9C6C-5F8ACA359FA5}.Debug|x86.ActiveCfg = Debug|Win32
		{87F10799-3DAF-4476-9C6C-5F8ACA359FA5}.Debug|x86.Build.0 = Debug|Win32
		{87F10799-3DAF-4476-9C6C-5F8ACA359FA5}.Release|x64.ActiveCfg = Release|x64
		{87F10799-3DAF-4476-9C6C-5F8ACA359FA5}.Release|x64.Build.0 = Release|x64
		{87F10799-3DAF-4476-9C6C-5F8ACA359FA5}.Release|x86.ActiveCfg = Release|Win32
		{87F10799-3DAF-4476-9C6C-5F8ACA359FA5}.Release|x86.Build.0 = Release|Win32
	EndGlobalSection
	GlobalSection(SolutionProperties) = preSolution
		HideSolutionNode = FALSE
	EndGlobalSection
	GlobalSection(ExtensibilityGlobals) = postSolution
		SolutionGuid = {0762CB1E-75C3-441C-A7DA-CDBEC90C9AC0}
	EndGlobalSection
EndGlobal
